
Microsoft Visual Studio Solution File, Format Version 12.00
# Visual Studio Version 17
VisualStudioVersion = 17.7.34024.191
MinimumVisualStudioVersion = 10.0.40219.1
Project("{FAE04EC0-301F-11D3-BF4B-00C04F79EFBC}") = "Tarea22", "Tarea22\Tarea22.csproj", "{98484C72-61A9-49EF-A9CE-035161E6FAF5}"
EndProject
Global
	GlobalSection(SolutionConfigurationPlatforms) = preSolution
		Debug|Any CPU = Debug|Any CPU
		Release|Any CPU = Release|Any CPU
	EndGlobalSection
	GlobalSection(ProjectConfigurationPlatforms) = postSolution
		{98484C72-61A9-49EF-A9CE-035161E6FAF5}.Debug|Any CPU.ActiveCfg = Debug|Any CPU
		{98484C72-61A9-49EF-A9CE-035161E6FAF5}.Debug|Any CPU.Build.0 = Debug|Any CPU
		{98484C72-61A9-49EF-A9CE-035161E6FAF5}.Release|Any CPU.ActiveCfg = Release|Any CPU
		{98484C72-61A9-49EF-A9CE-035161E6FAF5}.Release|Any CPU.Build.0 = Release|Any CPU
	EndGlobalSection
	GlobalSection(SolutionProperties) = preSolution
		HideSolutionNode = FALSE
	EndGlobalSection
	GlobalSection(ExtensibilityGlobals) = postSolution
		SolutionGuid = {9770A1A2-0B46-4283-8007-95A8DF7A0EFD}
	EndGlobalSection
EndGlobal
